// !$*UTF8*$!
{
	archiveVersion = 1;
	classes = {
	};
	objectVersion = 70;
	objects = {

/* Begin PBXBuildFile section */
		492FC5832D30A0B1002AFB9D /* XCTest.framework in Frameworks */ = {isa = PBXBuildFile; fileRef = 492FC5822D30A0B1002AFB9D /* XCTest.framework */; };
		4939CF682BC40F2F007B5DDE /* SharedExpensesApp.swift in Sources */ = {isa = PBXBuildFile; fileRef = 4939CF672BC40F2F007B5DDE /* SharedExpensesApp.swift */; };
		4939CF6A2BC40F2F007B5DDE /* ContentView.swift in Sources */ = {isa = PBXBuildFile; fileRef = 4939CF692BC40F2F007B5DDE /* ContentView.swift */; };
		4939CF6E2BC40F31007B5DDE /* Assets.xcassets in Resources */ = {isa = PBXBuildFile; fileRef = 4939CF6D2BC40F31007B5DDE /* Assets.xcassets */; };
		4939CF722BC40F31007B5DDE /* Preview Assets.xcassets in Resources */ = {isa = PBXBuildFile; fileRef = 4939CF712BC40F31007B5DDE /* Preview Assets.xcassets */; };
		4939CF7C2BC40F31007B5DDE /* sharedExpensesTests.swift in Sources */ = {isa = PBXBuildFile; fileRef = 4939CF7B2BC40F31007B5DDE /* sharedExpensesTests.swift */; };
		4939CF862BC40F31007B5DDE /* sharedExpensesUITests.swift in Sources */ = {isa = PBXBuildFile; fileRef = 4939CF852BC40F31007B5DDE /* sharedExpensesUITests.swift */; };
		4939CF882BC40F31007B5DDE /* sharedExpensesUITestsLaunchTests.swift in Sources */ = {isa = PBXBuildFile; fileRef = 4939CF872BC40F31007B5DDE /* sharedExpensesUITestsLaunchTests.swift */; };
		4939CF952BC428F0007B5DDE /* CreateGroup.swift in Sources */ = {isa = PBXBuildFile; fileRef = 4939CF942BC428F0007B5DDE /* CreateGroup.swift */; };
		4939CF972BC47819007B5DDE /* GroupDetail.swift in Sources */ = {isa = PBXBuildFile; fileRef = 4939CF962BC47819007B5DDE /* GroupDetail.swift */; };
		4965B1C82D7DE75A00D1B6A4 /* UserCheckBox.swift in Sources */ = {isa = PBXBuildFile; fileRef = 4965B1C72D7DE75A00D1B6A4 /* UserCheckBox.swift */; };
		49776F742BC5F83B00CE8612 /* CreateExpense.swift in Sources */ = {isa = PBXBuildFile; fileRef = 49776F732BC5F83B00CE8612 /* CreateExpense.swift */; };
		49776F802BC6B97E00CE8612 /* Commons.swift in Sources */ = {isa = PBXBuildFile; fileRef = 49776F7F2BC6B97E00CE8612 /* Commons.swift */; };
		49E83EB42D309D97003955C6 /* debtCalculatorTests.swift in Sources */ = {isa = PBXBuildFile; fileRef = 49E83EB32D309D97003955C6 /* debtCalculatorTests.swift */; };
		49F7BBE72CF9F00600F2B71E /* DebtCalculator.swift in Sources */ = {isa = PBXBuildFile; fileRef = 49F7BBE62CF9F00000F2B71E /* DebtCalculator.swift */; };
/* End PBXBuildFile section */

/* Begin PBXContainerItemProxy section */
		4939CF782BC40F31007B5DDE /* PBXContainerItemProxy */ = {
			isa = PBXContainerItemProxy;
			containerPortal = 4939CF5C2BC40F2F007B5DDE /* Project object */;
			proxyType = 1;
			remoteGlobalIDString = 4939CF632BC40F2F007B5DDE;
			remoteInfo = sharedExpenses;
		};
		4939CF822BC40F31007B5DDE /* PBXContainerItemProxy */ = {
			isa = PBXContainerItemProxy;
			containerPortal = 4939CF5C2BC40F2F007B5DDE /* Project object */;
			proxyType = 1;
			remoteGlobalIDString = 4939CF632BC40F2F007B5DDE;
			remoteInfo = sharedExpenses;
		};
/* End PBXContainerItemProxy section */

/* Begin PBXFileReference section */
		492FC5822D30A0B1002AFB9D /* XCTest.framework */ = {isa = PBXFileReference; lastKnownFileType = wrapper.framework; name = XCTest.framework; path = Platforms/MacOSX.platform/Developer/Library/Frameworks/XCTest.framework; sourceTree = DEVELOPER_DIR; };
		4939CF642BC40F2F007B5DDE /* sharedExpenses.app */ = {isa = PBXFileReference; explicitFileType = wrapper.application; includeInIndex = 0; path = sharedExpenses.app; sourceTree = BUILT_PRODUCTS_DIR; };
		4939CF672BC40F2F007B5DDE /* SharedExpensesApp.swift */ = {isa = PBXFileReference; lastKnownFileType = sourcecode.swift; path = SharedExpensesApp.swift; sourceTree = "<group>"; };
		4939CF692BC40F2F007B5DDE /* ContentView.swift */ = {isa = PBXFileReference; lastKnownFileType = sourcecode.swift; path = ContentView.swift; sourceTree = "<group>"; };
		4939CF6D2BC40F31007B5DDE /* Assets.xcassets */ = {isa = PBXFileReference; lastKnownFileType = folder.assetcatalog; path = Assets.xcassets; sourceTree = "<group>"; };
		4939CF6F2BC40F31007B5DDE /* sharedExpenses.entitlements */ = {isa = PBXFileReference; lastKnownFileType = text.plist.entitlements; path = sharedExpenses.entitlements; sourceTree = "<group>"; };
		4939CF712BC40F31007B5DDE /* Preview Assets.xcassets */ = {isa = PBXFileReference; lastKnownFileType = folder.assetcatalog; path = "Preview Assets.xcassets"; sourceTree = "<group>"; };
		4939CF772BC40F31007B5DDE /* sharedExpensesTests.xctest */ = {isa = PBXFileReference; explicitFileType = wrapper.cfbundle; includeInIndex = 0; path = sharedExpensesTests.xctest; sourceTree = BUILT_PRODUCTS_DIR; };
		4939CF7B2BC40F31007B5DDE /* sharedExpensesTests.swift */ = {isa = PBXFileReference; lastKnownFileType = sourcecode.swift; path = sharedExpensesTests.swift; sourceTree = "<group>"; };
		4939CF812BC40F31007B5DDE /* sharedExpensesUITests.xctest */ = {isa = PBXFileReference; explicitFileType = wrapper.cfbundle; includeInIndex = 0; path = sharedExpensesUITests.xctest; sourceTree = BUILT_PRODUCTS_DIR; };
		4939CF852BC40F31007B5DDE /* sharedExpensesUITests.swift */ = {isa = PBXFileReference; lastKnownFileType = sourcecode.swift; path = sharedExpensesUITests.swift; sourceTree = "<group>"; };
		4939CF872BC40F31007B5DDE /* sharedExpensesUITestsLaunchTests.swift */ = {isa = PBXFileReference; lastKnownFileType = sourcecode.swift; path = sharedExpensesUITestsLaunchTests.swift; sourceTree = "<group>"; };
		4939CF942BC428F0007B5DDE /* CreateGroup.swift */ = {isa = PBXFileReference; lastKnownFileType = sourcecode.swift; path = CreateGroup.swift; sourceTree = "<group>"; };
		4939CF962BC47819007B5DDE /* GroupDetail.swift */ = {isa = PBXFileReference; lastKnownFileType = sourcecode.swift; path = GroupDetail.swift; sourceTree = "<group>"; };
		4965B1C72D7DE75A00D1B6A4 /* UserCheckBox.swift */ = {isa = PBXFileReference; lastKnownFileType = sourcecode.swift; path = UserCheckBox.swift; sourceTree = "<group>"; };
		49776F732BC5F83B00CE8612 /* CreateExpense.swift */ = {isa = PBXFileReference; lastKnownFileType = sourcecode.swift; path = CreateExpense.swift; sourceTree = "<group>"; };
		49776F7F2BC6B97E00CE8612 /* Commons.swift */ = {isa = PBXFileReference; lastKnownFileType = sourcecode.swift; path = Commons.swift; sourceTree = "<group>"; };
		49E83EB32D309D97003955C6 /* debtCalculatorTests.swift */ = {isa = PBXFileReference; lastKnownFileType = sourcecode.swift; path = debtCalculatorTests.swift; sourceTree = "<group>"; };
		49E83EB62D309E9E003955C6 /* sharedExpenses.xctestplan */ = {isa = PBXFileReference; lastKnownFileType = text; path = sharedExpenses.xctestplan; sourceTree = "<group>"; };
		49F7BBE62CF9F00000F2B71E /* DebtCalculator.swift */ = {isa = PBXFileReference; lastKnownFileType = sourcecode.swift; path = DebtCalculator.swift; sourceTree = "<group>"; };
/* End PBXFileReference section */

/* Begin PBXFileSystemSynchronizedRootGroup section */
		49F7BBDA2CF9EF8400F2B71E /* SchemaVersions */ = {isa = PBXFileSystemSynchronizedRootGroup; explicitFileTypes = {}; explicitFolders = (); path = SchemaVersions; sourceTree = "<group>"; };
/* End PBXFileSystemSynchronizedRootGroup section */

/* Begin PBXFrameworksBuildPhase section */
		4939CF612BC40F2F007B5DDE /* Frameworks */ = {
			isa = PBXFrameworksBuildPhase;
			buildActionMask = 2147483647;
			files = (
			);
			runOnlyForDeploymentPostprocessing = 0;
		};
		4939CF742BC40F31007B5DDE /* Frameworks */ = {
			isa = PBXFrameworksBuildPhase;
			buildActionMask = 2147483647;
			files = (
				492FC5832D30A0B1002AFB9D /* XCTest.framework in Frameworks */,
			);
			runOnlyForDeploymentPostprocessing = 0;
		};
		4939CF7E2BC40F31007B5DDE /* Frameworks */ = {
			isa = PBXFrameworksBuildPhase;
			buildActionMask = 2147483647;
			files = (
			);
			runOnlyForDeploymentPostprocessing = 0;
		};
/* End PBXFrameworksBuildPhase section */

/* Begin PBXGroup section */
		492FC5812D30A0B1002AFB9D /* Frameworks */ = {
			isa = PBXGroup;
			children = (
				492FC5822D30A0B1002AFB9D /* XCTest.framework */,
			);
			name = Frameworks;
			sourceTree = "<group>";
		};
		4939CF5B2BC40F2F007B5DDE = {
			isa = PBXGroup;
			children = (
				49E83EB62D309E9E003955C6 /* sharedExpenses.xctestplan */,
				4939CF662BC40F2F007B5DDE /* sharedExpenses */,
				4939CF7A2BC40F31007B5DDE /* sharedExpensesTests */,
				4939CF842BC40F31007B5DDE /* sharedExpensesUITests */,
				492FC5812D30A0B1002AFB9D /* Frameworks */,
				4939CF652BC40F2F007B5DDE /* Products */,
			);
			sourceTree = "<group>";
		};
		4939CF652BC40F2F007B5DDE /* Products */ = {
			isa = PBXGroup;
			children = (
				4939CF642BC40F2F007B5DDE /* sharedExpenses.app */,
				4939CF772BC40F31007B5DDE /* sharedExpensesTests.xctest */,
				4939CF812BC40F31007B5DDE /* sharedExpensesUITests.xctest */,
			);
			name = Products;
			sourceTree = "<group>";
		};
		4939CF662BC40F2F007B5DDE /* sharedExpenses */ = {
			isa = PBXGroup;
			children = (
				4939CF672BC40F2F007B5DDE /* SharedExpensesApp.swift */,
				49805F5C2D31568100669781 /* Helpers */,
				49776F7A2BC6B11400CE8612 /* View */,
				49776F752BC6B05100CE8612 /* Model */,
				4939CF6D2BC40F31007B5DDE /* Assets.xcassets */,
				4939CF6F2BC40F31007B5DDE /* sharedExpenses.entitlements */,
				4939CF702BC40F31007B5DDE /* Preview Content */,
			);
			path = sharedExpenses;
			sourceTree = "<group>";
		};
		4939CF702BC40F31007B5DDE /* Preview Content */ = {
			isa = PBXGroup;
			children = (
				4939CF712BC40F31007B5DDE /* Preview Assets.xcassets */,
			);
			path = "Preview Content";
			sourceTree = "<group>";
		};
		4939CF7A2BC40F31007B5DDE /* sharedExpensesTests */ = {
			isa = PBXGroup;
			children = (
				4939CF7B2BC40F31007B5DDE /* sharedExpensesTests.swift */,
				49E83EB32D309D97003955C6 /* debtCalculatorTests.swift */,
			);
			path = sharedExpensesTests;
			sourceTree = "<group>";
		};
		4939CF842BC40F31007B5DDE /* sharedExpensesUITests */ = {
			isa = PBXGroup;
			children = (
				4939CF852BC40F31007B5DDE /* sharedExpensesUITests.swift */,
				4939CF872BC40F31007B5DDE /* sharedExpensesUITestsLaunchTests.swift */,
			);
			path = sharedExpensesUITests;
			sourceTree = "<group>";
		};
		49776F752BC6B05100CE8612 /* Model */ = {
			isa = PBXGroup;
			children = (
				49F7BBDA2CF9EF8400F2B71E /* SchemaVersions */,
			);
			path = Model;
			sourceTree = "<group>";
		};
		49776F7A2BC6B11400CE8612 /* View */ = {
			isa = PBXGroup;
			children = (
				4965B1C72D7DE75A00D1B6A4 /* UserCheckBox.swift */,
				4939CF692BC40F2F007B5DDE /* ContentView.swift */,
				4939CF942BC428F0007B5DDE /* CreateGroup.swift */,
				4939CF962BC47819007B5DDE /* GroupDetail.swift */,
				49776F732BC5F83B00CE8612 /* CreateExpense.swift */,
			);
			path = View;
			sourceTree = "<group>";
		};
		49805F5C2D31568100669781 /* Helpers */ = {
			isa = PBXGroup;
			children = (
				49F7BBE62CF9F00000F2B71E /* DebtCalculator.swift */,
				49776F7F2BC6B97E00CE8612 /* Commons.swift */,
			);
			path = Helpers;
			sourceTree = "<group>";
		};
/* End PBXGroup section */

/* Begin PBXNativeTarget section */
		4939CF632BC40F2F007B5DDE /* sharedExpenses */ = {
			isa = PBXNativeTarget;
			buildConfigurationList = 4939CF8B2BC40F31007B5DDE /* Build configuration list for PBXNativeTarget "sharedExpenses" */;
			buildPhases = (
				4939CF602BC40F2F007B5DDE /* Sources */,
				4939CF612BC40F2F007B5DDE /* Frameworks */,
				4939CF622BC40F2F007B5DDE /* Resources */,
			);
			buildRules = (
			);
			dependencies = (
			);
			fileSystemSynchronizedGroups = (
				49F7BBDA2CF9EF8400F2B71E /* SchemaVersions */,
			);
			name = sharedExpenses;
			productName = sharedExpenses;
			productReference = 4939CF642BC40F2F007B5DDE /* sharedExpenses.app */;
			productType = "com.apple.product-type.application";
		};
		4939CF762BC40F31007B5DDE /* sharedExpensesTests */ = {
			isa = PBXNativeTarget;
			buildConfigurationList = 4939CF8E2BC40F31007B5DDE /* Build configuration list for PBXNativeTarget "sharedExpensesTests" */;
			buildPhases = (
				4939CF732BC40F31007B5DDE /* Sources */,
				4939CF742BC40F31007B5DDE /* Frameworks */,
				4939CF752BC40F31007B5DDE /* Resources */,
			);
			buildRules = (
			);
			dependencies = (
				4939CF792BC40F31007B5DDE /* PBXTargetDependency */,
			);
			name = sharedExpensesTests;
			productName = sharedExpensesTests;
			productReference = 4939CF772BC40F31007B5DDE /* sharedExpensesTests.xctest */;
			productType = "com.apple.product-type.bundle.unit-test";
		};
		4939CF802BC40F31007B5DDE /* sharedExpensesUITests */ = {
			isa = PBXNativeTarget;
			buildConfigurationList = 4939CF912BC40F31007B5DDE /* Build configuration list for PBXNativeTarget "sharedExpensesUITests" */;
			buildPhases = (
				4939CF7D2BC40F31007B5DDE /* Sources */,
				4939CF7E2BC40F31007B5DDE /* Frameworks */,
				4939CF7F2BC40F31007B5DDE /* Resources */,
			);
			buildRules = (
			);
			dependencies = (
				4939CF832BC40F31007B5DDE /* PBXTargetDependency */,
			);
			name = sharedExpensesUITests;
			productName = sharedExpensesUITests;
			productReference = 4939CF812BC40F31007B5DDE /* sharedExpensesUITests.xctest */;
			productType = "com.apple.product-type.bundle.ui-testing";
		};
/* End PBXNativeTarget section */

/* Begin PBXProject section */
		4939CF5C2BC40F2F007B5DDE /* Project object */ = {
			isa = PBXProject;
			attributes = {
				BuildIndependentTargetsInParallel = 1;
				LastSwiftUpdateCheck = 1500;
				LastUpgradeCheck = 1500;
				TargetAttributes = {
					4939CF632BC40F2F007B5DDE = {
						CreatedOnToolsVersion = 15.0.1;
					};
					4939CF762BC40F31007B5DDE = {
						CreatedOnToolsVersion = 15.0.1;
						TestTargetID = 4939CF632BC40F2F007B5DDE;
					};
					4939CF802BC40F31007B5DDE = {
						CreatedOnToolsVersion = 15.0.1;
						TestTargetID = 4939CF632BC40F2F007B5DDE;
					};
				};
			};
			buildConfigurationList = 4939CF5F2BC40F2F007B5DDE /* Build configuration list for PBXProject "sharedExpenses" */;
			compatibilityVersion = "Xcode 14.0";
			developmentRegion = en;
			hasScannedForEncodings = 0;
			knownRegions = (
				en,
				Base,
			);
			mainGroup = 4939CF5B2BC40F2F007B5DDE;
			productRefGroup = 4939CF652BC40F2F007B5DDE /* Products */;
			projectDirPath = "";
			projectRoot = "";
			targets = (
				4939CF632BC40F2F007B5DDE /* sharedExpenses */,
				4939CF762BC40F31007B5DDE /* sharedExpensesTests */,
				4939CF802BC40F31007B5DDE /* sharedExpensesUITests */,
			);
		};
/* End PBXProject section */

/* Begin PBXResourcesBuildPhase section */
		4939CF622BC40F2F007B5DDE /* Resources */ = {
			isa = PBXResourcesBuildPhase;
			buildActionMask = 2147483647;
			files = (
				4939CF722BC40F31007B5DDE /* Preview Assets.xcassets in Resources */,
				4939CF6E2BC40F31007B5DDE /* Assets.xcassets in Resources */,
			);
			runOnlyForDeploymentPostprocessing = 0;
		};
		4939CF752BC40F31007B5DDE /* Resources */ = {
			isa = PBXResourcesBuildPhase;
			buildActionMask = 2147483647;
			files = (
			);
			runOnlyForDeploymentPostprocessing = 0;
		};
		4939CF7F2BC40F31007B5DDE /* Resources */ = {
			isa = PBXResourcesBuildPhase;
			buildActionMask = 2147483647;
			files = (
			);
			runOnlyForDeploymentPostprocessing = 0;
		};
/* End PBXResourcesBuildPhase section */

/* Begin PBXSourcesBuildPhase section */
		4939CF602BC40F2F007B5DDE /* Sources */ = {
			isa = PBXSourcesBuildPhase;
			buildActionMask = 2147483647;
			files = (
				49F7BBE72CF9F00600F2B71E /* DebtCalculator.swift in Sources */,
				4965B1C82D7DE75A00D1B6A4 /* UserCheckBox.swift in Sources */,
				49776F802BC6B97E00CE8612 /* Commons.swift in Sources */,
				4939CF952BC428F0007B5DDE /* CreateGroup.swift in Sources */,
				4939CF6A2BC40F2F007B5DDE /* ContentView.swift in Sources */,
				49776F742BC5F83B00CE8612 /* CreateExpense.swift in Sources */,
				4939CF972BC47819007B5DDE /* GroupDetail.swift in Sources */,
				4939CF682BC40F2F007B5DDE /* SharedExpensesApp.swift in Sources */,
			);
			runOnlyForDeploymentPostprocessing = 0;
		};
		4939CF732BC40F31007B5DDE /* Sources */ = {
			isa = PBXSourcesBuildPhase;
			buildActionMask = 2147483647;
			files = (
				49E83EB42D309D97003955C6 /* debtCalculatorTests.swift in Sources */,
				4939CF7C2BC40F31007B5DDE /* sharedExpensesTests.swift in Sources */,
			);
			runOnlyForDeploymentPostprocessing = 0;
		};
		4939CF7D2BC40F31007B5DDE /* Sources */ = {
			isa = PBXSourcesBuildPhase;
			buildActionMask = 2147483647;
			files = (
				4939CF882BC40F31007B5DDE /* sharedExpensesUITestsLaunchTests.swift in Sources */,
				4939CF862BC40F31007B5DDE /* sharedExpensesUITests.swift in Sources */,
			);
			runOnlyForDeploymentPostprocessing = 0;
		};
/* End PBXSourcesBuildPhase section */

/* Begin PBXTargetDependency section */
		4939CF792BC40F31007B5DDE /* PBXTargetDependency */ = {
			isa = PBXTargetDependency;
			target = 4939CF632BC40F2F007B5DDE /* sharedExpenses */;
			targetProxy = 4939CF782BC40F31007B5DDE /* PBXContainerItemProxy */;
		};
		4939CF832BC40F31007B5DDE /* PBXTargetDependency */ = {
			isa = PBXTargetDependency;
			target = 4939CF632BC40F2F007B5DDE /* sharedExpenses */;
			targetProxy = 4939CF822BC40F31007B5DDE /* PBXContainerItemProxy */;
		};
/* End PBXTargetDependency section */

/* Begin XCBuildConfiguration section */
		4939CF892BC40F31007B5DDE /* Debug */ = {
			isa = XCBuildConfiguration;
			buildSettings = {
				ALWAYS_SEARCH_USER_PATHS = NO;
				ASSETCATALOG_COMPILER_GENERATE_SWIFT_ASSET_SYMBOL_EXTENSIONS = YES;
				CLANG_ANALYZER_NONNULL = YES;
				CLANG_ANALYZER_NUMBER_OBJECT_CONVERSION = YES_AGGRESSIVE;
				CLANG_CXX_LANGUAGE_STANDARD = "gnu++20";
				CLANG_ENABLE_MODULES = YES;
				CLANG_ENABLE_OBJC_ARC = YES;
				CLANG_ENABLE_OBJC_WEAK = YES;
				CLANG_WARN_BLOCK_CAPTURE_AUTORELEASING = YES;
				CLANG_WARN_BOOL_CONVERSION = YES;
				CLANG_WARN_COMMA = YES;
				CLANG_WARN_CONSTANT_CONVERSION = YES;
				CLANG_WARN_DEPRECATED_OBJC_IMPLEMENTATIONS = YES;
				CLANG_WARN_DIRECT_OBJC_ISA_USAGE = YES_ERROR;
				CLANG_WARN_DOCUMENTATION_COMMENTS = YES;
				CLANG_WARN_EMPTY_BODY = YES;
				CLANG_WARN_ENUM_CONVERSION = YES;
				CLANG_WARN_INFINITE_RECURSION = YES;
				CLANG_WARN_INT_CONVERSION = YES;
				CLANG_WARN_NON_LITERAL_NULL_CONVERSION = YES;
				CLANG_WARN_OBJC_IMPLICIT_RETAIN_SELF = YES;
				CLANG_WARN_OBJC_LITERAL_CONVERSION = YES;
				CLANG_WARN_OBJC_ROOT_CLASS = YES_ERROR;
				CLANG_WARN_QUOTED_INCLUDE_IN_FRAMEWORK_HEADER = YES;
				CLANG_WARN_RANGE_LOOP_ANALYSIS = YES;
				CLANG_WARN_STRICT_PROTOTYPES = YES;
				CLANG_WARN_SUSPICIOUS_MOVE = YES;
				CLANG_WARN_UNGUARDED_AVAILABILITY = YES_AGGRESSIVE;
				CLANG_WARN_UNREACHABLE_CODE = YES;
				CLANG_WARN__DUPLICATE_METHOD_MATCH = YES;
				COPY_PHASE_STRIP = NO;
				DEBUG_INFORMATION_FORMAT = dwarf;
				ENABLE_STRICT_OBJC_MSGSEND = YES;
				ENABLE_TESTABILITY = YES;
				ENABLE_USER_SCRIPT_SANDBOXING = YES;
				GCC_C_LANGUAGE_STANDARD = gnu17;
				GCC_DYNAMIC_NO_PIC = NO;
				GCC_NO_COMMON_BLOCKS = YES;
				GCC_OPTIMIZATION_LEVEL = 0;
				GCC_PREPROCESSOR_DEFINITIONS = (
					"DEBUG=1",
					"$(inherited)",
				);
				GCC_WARN_64_TO_32_BIT_CONVERSION = YES;
				GCC_WARN_ABOUT_RETURN_TYPE = YES_ERROR;
				GCC_WARN_UNDECLARED_SELECTOR = YES;
				GCC_WARN_UNINITIALIZED_AUTOS = YES_AGGRESSIVE;
				GCC_WARN_UNUSED_FUNCTION = YES;
				GCC_WARN_UNUSED_VARIABLE = YES;
				LOCALIZATION_PREFERS_STRING_CATALOGS = YES;
				MTL_ENABLE_DEBUG_INFO = INCLUDE_SOURCE;
				MTL_FAST_MATH = YES;
				ONLY_ACTIVE_ARCH = YES;
				SWIFT_ACTIVE_COMPILATION_CONDITIONS = "DEBUG $(inherited)";
				SWIFT_OPTIMIZATION_LEVEL = "-Onone";
			};
			name = Debug;
		};
		4939CF8A2BC40F31007B5DDE /* Release */ = {
			isa = XCBuildConfiguration;
			buildSettings = {
				ALWAYS_SEARCH_USER_PATHS = NO;
				ASSETCATALOG_COMPILER_GENERATE_SWIFT_ASSET_SYMBOL_EXTENSIONS = YES;
				CLANG_ANALYZER_NONNULL = YES;
				CLANG_ANALYZER_NUMBER_OBJECT_CONVERSION = YES_AGGRESSIVE;
				CLANG_CXX_LANGUAGE_STANDARD = "gnu++20";
				CLANG_ENABLE_MODULES = YES;
				CLANG_ENABLE_OBJC_ARC = YES;
				CLANG_ENABLE_OBJC_WEAK = YES;
				CLANG_WARN_BLOCK_CAPTURE_AUTORELEASING = YES;
				CLANG_WARN_BOOL_CONVERSION = YES;
				CLANG_WARN_COMMA = YES;
				CLANG_WARN_CONSTANT_CONVERSION = YES;
				CLANG_WARN_DEPRECATED_OBJC_IMPLEMENTATIONS = YES;
				CLANG_WARN_DIRECT_OBJC_ISA_USAGE = YES_ERROR;
				CLANG_WARN_DOCUMENTATION_COMMENTS = YES;
				CLANG_WARN_EMPTY_BODY = YES;
				CLANG_WARN_ENUM_CONVERSION = YES;
				CLANG_WARN_INFINITE_RECURSION = YES;
				CLANG_WARN_INT_CONVERSION = YES;
				CLANG_WARN_NON_LITERAL_NULL_CONVERSION = YES;
				CLANG_WARN_OBJC_IMPLICIT_RETAIN_SELF = YES;
				CLANG_WARN_OBJC_LITERAL_CONVERSION = YES;
				CLANG_WARN_OBJC_ROOT_CLASS = YES_ERROR;
				CLANG_WARN_QUOTED_INCLUDE_IN_FRAMEWORK_HEADER = YES;
				CLANG_WARN_RANGE_LOOP_ANALYSIS = YES;
				CLANG_WARN_STRICT_PROTOTYPES = YES;
				CLANG_WARN_SUSPICIOUS_MOVE = YES;
				CLANG_WARN_UNGUARDED_AVAILABILITY = YES_AGGRESSIVE;
				CLANG_WARN_UNREACHABLE_CODE = YES;
				CLANG_WARN__DUPLICATE_METHOD_MATCH = YES;
				COPY_PHASE_STRIP = NO;
				DEBUG_INFORMATION_FORMAT = "dwarf-with-dsym";
				ENABLE_NS_ASSERTIONS = NO;
				ENABLE_STRICT_OBJC_MSGSEND = YES;
				ENABLE_USER_SCRIPT_SANDBOXING = YES;
				GCC_C_LANGUAGE_STANDARD = gnu17;
				GCC_NO_COMMON_BLOCKS = YES;
				GCC_WARN_64_TO_32_BIT_CONVERSION = YES;
				GCC_WARN_ABOUT_RETURN_TYPE = YES_ERROR;
				GCC_WARN_UNDECLARED_SELECTOR = YES;
				GCC_WARN_UNINITIALIZED_AUTOS = YES_AGGRESSIVE;
				GCC_WARN_UNUSED_FUNCTION = YES;
				GCC_WARN_UNUSED_VARIABLE = YES;
				LOCALIZATION_PREFERS_STRING_CATALOGS = YES;
				MTL_ENABLE_DEBUG_INFO = NO;
				MTL_FAST_MATH = YES;
				SWIFT_COMPILATION_MODE = wholemodule;
			};
			name = Release;
		};
		4939CF8C2BC40F31007B5DDE /* Debug */ = {
			isa = XCBuildConfiguration;
			buildSettings = {
				ASSETCATALOG_COMPILER_APPICON_NAME = AppIcon;
				ASSETCATALOG_COMPILER_GLOBAL_ACCENT_COLOR_NAME = AccentColor;
				CODE_SIGN_ENTITLEMENTS = sharedExpenses/sharedExpenses.entitlements;
				CODE_SIGN_STYLE = Automatic;
				CURRENT_PROJECT_VERSION = 1;
				DEVELOPMENT_ASSET_PATHS = "\"sharedExpenses/Preview Content\"";
				DEVELOPMENT_TEAM = RV4PYSDU98;
				ENABLE_HARDENED_RUNTIME = YES;
				ENABLE_PREVIEWS = YES;
				GENERATE_INFOPLIST_FILE = YES;
				"INFOPLIST_KEY_UIApplicationSceneManifest_Generation[sdk=iphoneos*]" = YES;
				"INFOPLIST_KEY_UIApplicationSceneManifest_Generation[sdk=iphonesimulator*]" = YES;
				"INFOPLIST_KEY_UIApplicationSupportsIndirectInputEvents[sdk=iphoneos*]" = YES;
				"INFOPLIST_KEY_UIApplicationSupportsIndirectInputEvents[sdk=iphonesimulator*]" = YES;
				"INFOPLIST_KEY_UILaunchScreen_Generation[sdk=iphoneos*]" = YES;
				"INFOPLIST_KEY_UILaunchScreen_Generation[sdk=iphonesimulator*]" = YES;
				"INFOPLIST_KEY_UIStatusBarStyle[sdk=iphoneos*]" = UIStatusBarStyleDefault;
				"INFOPLIST_KEY_UIStatusBarStyle[sdk=iphonesimulator*]" = UIStatusBarStyleDefault;
				INFOPLIST_KEY_UISupportedInterfaceOrientations_iPad = "UIInterfaceOrientationPortrait UIInterfaceOrientationPortraitUpsideDown UIInterfaceOrientationLandscapeLeft UIInterfaceOrientationLandscapeRight";
				INFOPLIST_KEY_UISupportedInterfaceOrientations_iPhone = "UIInterfaceOrientationPortrait UIInterfaceOrientationLandscapeLeft UIInterfaceOrientationLandscapeRight";
				IPHONEOS_DEPLOYMENT_TARGET = 17.0;
				LD_RUNPATH_SEARCH_PATHS = "@executable_path/Frameworks";
				"LD_RUNPATH_SEARCH_PATHS[sdk=macosx*]" = "@executable_path/../Frameworks";
				MACOSX_DEPLOYMENT_TARGET = 14.0;
				MARKETING_VERSION = 1.0;
				PRODUCT_BUNDLE_IDENTIFIER = gaspar.sharedExpenses;
				PRODUCT_NAME = "$(TARGET_NAME)";
				SDKROOT = auto;
				SUPPORTED_PLATFORMS = "iphoneos iphonesimulator macosx";
				SWIFT_EMIT_LOC_STRINGS = YES;
				SWIFT_VERSION = 5.0;
				TARGETED_DEVICE_FAMILY = "1,2";
			};
			name = Debug;
		};
		4939CF8D2BC40F31007B5DDE /* Release */ = {
			isa = XCBuildConfiguration;
			buildSettings = {
				ASSETCATALOG_COMPILER_APPICON_NAME = AppIcon;
				ASSETCATALOG_COMPILER_GLOBAL_ACCENT_COLOR_NAME = AccentColor;
				CODE_SIGN_ENTITLEMENTS = sharedExpenses/sharedExpenses.entitlements;
				CODE_SIGN_STYLE = Automatic;
				CURRENT_PROJECT_VERSION = 1;
				DEVELOPMENT_ASSET_PATHS = "\"sharedExpenses/Preview Content\"";
				DEVELOPMENT_TEAM = RV4PYSDU98;
				ENABLE_HARDENED_RUNTIME = YES;
				ENABLE_PREVIEWS = YES;
				GENERATE_INFOPLIST_FILE = YES;
				"INFOPLIST_KEY_UIApplicationSceneManifest_Generation[sdk=iphoneos*]" = YES;
				"INFOPLIST_KEY_UIApplicationSceneManifest_Generation[sdk=iphonesimulator*]" = YES;
				"INFOPLIST_KEY_UIApplicationSupportsIndirectInputEvents[sdk=iphoneos*]" = YES;
				"INFOPLIST_KEY_UIApplicationSupportsIndirectInputEvents[sdk=iphonesimulator*]" = YES;
				"INFOPLIST_KEY_UILaunchScreen_Generation[sdk=iphoneos*]" = YES;
				"INFOPLIST_KEY_UILaunchScreen_Generation[sdk=iphonesimulator*]" = YES;
				"INFOPLIST_KEY_UIStatusBarStyle[sdk=iphoneos*]" = UIStatusBarStyleDefault;
				"INFOPLIST_KEY_UIStatusBarStyle[sdk=iphonesimulator*]" = UIStatusBarStyleDefault;
				INFOPLIST_KEY_UISupportedInterfaceOrientations_iPad = "UIInterfaceOrientationPortrait UIInterfaceOrientationPortraitUpsideDown UIInterfaceOrientationLandscapeLeft UIInterfaceOrientationLandscapeRight";
				INFOPLIST_KEY_UISupportedInterfaceOrientations_iPhone = "UIInterfaceOrientationPortrait UIInterfaceOrientationLandscapeLeft UIInterfaceOrientationLandscapeRight";
				IPHONEOS_DEPLOYMENT_TARGET = 17.0;
				LD_RUNPATH_SEARCH_PATHS = "@executable_path/Frameworks";
				"LD_RUNPATH_SEARCH_PATHS[sdk=macosx*]" = "@executable_path/../Frameworks";
				MACOSX_DEPLOYMENT_TARGET = 14.0;
				MARKETING_VERSION = 1.0;
				PRODUCT_BUNDLE_IDENTIFIER = gaspar.sharedExpenses;
				PRODUCT_NAME = "$(TARGET_NAME)";
				SDKROOT = auto;
				SUPPORTED_PLATFORMS = "iphoneos iphonesimulator macosx";
				SWIFT_EMIT_LOC_STRINGS = YES;
				SWIFT_VERSION = 5.0;
				TARGETED_DEVICE_FAMILY = "1,2";
			};
			name = Release;
		};
		4939CF8F2BC40F31007B5DDE /* Debug */ = {
			isa = XCBuildConfiguration;
			buildSettings = {
				ALWAYS_EMBED_SWIFT_STANDARD_LIBRARIES = YES;
				BUNDLE_LOADER = "$(TEST_HOST)";
				CODE_SIGN_STYLE = Automatic;
				CURRENT_PROJECT_VERSION = 1;
				DEVELOPMENT_TEAM = RV4PYSDU98;
				GENERATE_INFOPLIST_FILE = YES;
				IPHONEOS_DEPLOYMENT_TARGET = 17.0;
				MACOSX_DEPLOYMENT_TARGET = 14.0;
				MARKETING_VERSION = 1.0;
				PRODUCT_BUNDLE_IDENTIFIER = gaspar.sharedExpensesTests;
				PRODUCT_NAME = "$(TARGET_NAME)";
				SDKROOT = auto;
				SUPPORTED_PLATFORMS = "iphoneos iphonesimulator macosx";
				SWIFT_EMIT_LOC_STRINGS = NO;
				SWIFT_VERSION = 5.0;
				TARGETED_DEVICE_FAMILY = "1,2";
				TEST_HOST = "$(BUILT_PRODUCTS_DIR)/sharedExpenses.app/$(BUNDLE_EXECUTABLE_FOLDER_PATH)/sharedExpenses";
			};
			name = Debug;
		};
		4939CF902BC40F31007B5DDE /* Release */ = {
			isa = XCBuildConfiguration;
			buildSettings = {
				ALWAYS_EMBED_SWIFT_STANDARD_LIBRARIES = YES;
				BUNDLE_LOADER = "$(TEST_HOST)";
				CODE_SIGN_STYLE = Automatic;
				CURRENT_PROJECT_VERSION = 1;
				DEVELOPMENT_TEAM = RV4PYSDU98;
				GENERATE_INFOPLIST_FILE = YES;
				IPHONEOS_DEPLOYMENT_TARGET = 17.0;
				MACOSX_DEPLOYMENT_TARGET = 14.0;
				MARKETING_VERSION = 1.0;
				PRODUCT_BUNDLE_IDENTIFIER = gaspar.sharedExpensesTests;
				PRODUCT_NAME = "$(TARGET_NAME)";
				SDKROOT = auto;
				SUPPORTED_PLATFORMS = "iphoneos iphonesimulator macosx";
				SWIFT_EMIT_LOC_STRINGS = NO;
				SWIFT_VERSION = 5.0;
				TARGETED_DEVICE_FAMILY = "1,2";
				TEST_HOST = "$(BUILT_PRODUCTS_DIR)/sharedExpenses.app/$(BUNDLE_EXECUTABLE_FOLDER_PATH)/sharedExpenses";
			};
			name = Release;
		};
		4939CF922BC40F31007B5DDE /* Debug */ = {
			isa = XCBuildConfiguration;
			buildSettings = {
				ALWAYS_EMBED_SWIFT_STANDARD_LIBRARIES = YES;
				CODE_SIGN_STYLE = Automatic;
				CURRENT_PROJECT_VERSION = 1;
				DEVELOPMENT_TEAM = RV4PYSDU98;
				GENERATE_INFOPLIST_FILE = YES;
				IPHONEOS_DEPLOYMENT_TARGET = 17.0;
				MACOSX_DEPLOYMENT_TARGET = 14.0;
				MARKETING_VERSION = 1.0;
				PRODUCT_BUNDLE_IDENTIFIER = gaspar.sharedExpensesUITests;
				PRODUCT_NAME = "$(TARGET_NAME)";
				SDKROOT = auto;
				SUPPORTED_PLATFORMS = "iphoneos iphonesimulator macosx";
				SWIFT_EMIT_LOC_STRINGS = NO;
				SWIFT_VERSION = 5.0;
				TARGETED_DEVICE_FAMILY = "1,2";
				TEST_TARGET_NAME = sharedExpenses;
			};
			name = Debug;
		};
		4939CF932BC40F31007B5DDE /* Release */ = {
			isa = XCBuildConfiguration;
			buildSettings = {
				ALWAYS_EMBED_SWIFT_STANDARD_LIBRARIES = YES;
				CODE_SIGN_STYLE = Automatic;
				CURRENT_PROJECT_VERSION = 1;
				DEVELOPMENT_TEAM = RV4PYSDU98;
				GENERATE_INFOPLIST_FILE = YES;
				IPHONEOS_DEPLOYMENT_TARGET = 17.0;
				MACOSX_DEPLOYMENT_TARGET = 14.0;
				MARKETING_VERSION = 1.0;
				PRODUCT_BUNDLE_IDENTIFIER = gaspar.sharedExpensesUITests;
				PRODUCT_NAME = "$(TARGET_NAME)";
				SDKROOT = auto;
				SUPPORTED_PLATFORMS = "iphoneos iphonesimulator macosx";
				SWIFT_EMIT_LOC_STRINGS = NO;
				SWIFT_VERSION = 5.0;
				TARGETED_DEVICE_FAMILY = "1,2";
				TEST_TARGET_NAME = sharedExpenses;
			};
			name = Release;
		};
/* End XCBuildConfiguration section */

/* Begin XCConfigurationList section */
		4939CF5F2BC40F2F007B5DDE /* Build configuration list for PBXProject "sharedExpenses" */ = {
			isa = XCConfigurationList;
			buildConfigurations = (
				4939CF892BC40F31007B5DDE /* Debug */,
				4939CF8A2BC40F31007B5DDE /* Release */,
			);
			defaultConfigurationIsVisible = 0;
			defaultConfigurationName = Release;
		};
		4939CF8B2BC40F31007B5DDE /* Build configuration list for PBXNativeTarget "sharedExpenses" */ = {
			isa = XCConfigurationList;
			buildConfigurations = (
				4939CF8C2BC40F31007B5DDE /* Debug */,
				4939CF8D2BC40F31007B5DDE /* Release */,
			);
			defaultConfigurationIsVisible = 0;
			defaultConfigurationName = Release;
		};
		4939CF8E2BC40F31007B5DDE /* Build configuration list for PBXNativeTarget "sharedExpensesTests" */ = {
			isa = XCConfigurationList;
			buildConfigurations = (
				4939CF8F2BC40F31007B5DDE /* Debug */,
				4939CF902BC40F31007B5DDE /* Release */,
			);
			defaultConfigurationIsVisible = 0;
			defaultConfigurationName = Release;
		};
		4939CF912BC40F31007B5DDE /* Build configuration list for PBXNativeTarget "sharedExpensesUITests" */ = {
			isa = XCConfigurationList;
			buildConfigurations = (
				4939CF922BC40F31007B5DDE /* Debug */,
				4939CF932BC40F31007B5DDE /* Release */,
			);
			defaultConfigurationIsVisible = 0;
			defaultConfigurationName = Release;
		};
/* End XCConfigurationList section */
	};
	rootObject = 4939CF5C2BC40F2F007B5DDE /* Project object */;
}
